PODS:
  - DCCJConfig (0.1.8):
    - DCCJConfig/DataManagerError (= 0.1.8)
    - DCCJConfig/Result (= 0.1.8)
  - DCCJConfig/DataManagerError (0.1.8)
  - DCCJConfig/Result (0.1.8)
  - DCCJMessageCenter (0.1.9):
    - DCCJNetwork (~> 0.3.6)
  - DCCJNetwork (0.3.6):
    - DCCJConfig (~> 0.1.8)

DEPENDENCIES:
  - DCCJMessageCenter (from `../`)

SPEC REPOS:
  https://github.com/cocoapods/specs.git:
    - DCCJConfig
    - DCCJNetwork

EXTERNAL SOURCES:
  DCCJMessageCenter:
    :path: "../"

SPEC CHECKSUMS:
  DCCJConfig: a3dd6b8edf21e9a79d45bd0bee5287fa9b2473dc
  DCCJMessageCenter: e1c5ee33a8ffd1a9e347a2e33a9845b20f232e2c
  DCCJNetwork: c0001405e93c14f0ad5f8af911641496796ee9cc

PODFILE CHECKSUM: 7631f935465f734415e3d2ab5302f82146176095

COCOAPODS: 1.5.3
