PODS:
  - DCCJMessageCenter (0.1.5):
    - DCCJNetwork (~> 0.3.0)
  - DCCJNetwork (0.3.0)

DEPENDENCIES:
  - DCCJMessageCenter (from `../`)

SPEC REPOS:
  https://github.com/cocoapods/specs.git:
    - DCCJNetwork

EXTERNAL SOURCES:
  DCCJMessageCenter:
    :path: "../"

SPEC CHECKSUMS:
  DCCJMessageCenter: b2ee26f56256e264508b4b047282c65e0b07c259
  DCCJNetwork: ed3fe3b16218b210e3cde08e76b45a369c28fd89

PODFILE CHECKSUM: 7631f935465f734415e3d2ab5302f82146176095

COCOAPODS: 1.5.3
